// !$*UTF8*$!
{
	archiveVersion = 1;
	classes = {
	};
	objectVersion = 50;
	objects = {

/* Begin PBXBuildFile section */
		054FF9A126F39EF50007FF69 /* AppDelegate.swift in Sources */ = {isa = PBXBuildFile; fileRef = 054FF9A026F39EF50007FF69 /* AppDelegate.swift */; };
		054FF9A326F39EF50007FF69 /* SceneDelegate.swift in Sources */ = {isa = PBXBuildFile; fileRef = 054FF9A226F39EF50007FF69 /* SceneDelegate.swift */; };
		054FF9A826F39EF50007FF69 /* Main.storyboard in Resources */ = {isa = PBXBuildFile; fileRef = 054FF9A626F39EF50007FF69 /* Main.storyboard */; };
		054FF9AA26F39EFA0007FF69 /* Assets.xcassets in Resources */ = {isa = PBXBuildFile; fileRef = 054FF9A926F39EFA0007FF69 /* Assets.xcassets */; };
		054FF9AD26F39EFA0007FF69 /* LaunchScreen.storyboard in Resources */ = {isa = PBXBuildFile; fileRef = 054FF9AB26F39EFA0007FF69 /* LaunchScreen.storyboard */; };
		054FF9B826F39EFA0007FF69 /* LootLoggerTests.swift in Sources */ = {isa = PBXBuildFile; fileRef = 054FF9B726F39EFA0007FF69 /* LootLoggerTests.swift */; };
		054FF9C326F39EFA0007FF69 /* LootLoggerUITests.swift in Sources */ = {isa = PBXBuildFile; fileRef = 054FF9C226F39EFA0007FF69 /* LootLoggerUITests.swift */; };
		054FF9D326F3A4B80007FF69 /* ItemsViewController.swift in Sources */ = {isa = PBXBuildFile; fileRef = 054FF9D226F3A4B80007FF69 /* ItemsViewController.swift */; };
		054FF9D526F3A64D0007FF69 /* Item.swift in Sources */ = {isa = PBXBuildFile; fileRef = 054FF9D426F3A64D0007FF69 /* Item.swift */; };
		054FF9D726F3C1BA0007FF69 /* ItemStore.swift in Sources */ = {isa = PBXBuildFile; fileRef = 054FF9D626F3C1BA0007FF69 /* ItemStore.swift */; };
/* End PBXBuildFile section */

/* Begin PBXContainerItemProxy section */
		054FF9B426F39EFA0007FF69 /* PBXContainerItemProxy */ = {
			isa = PBXContainerItemProxy;
			containerPortal = 054FF99526F39EF50007FF69 /* Project object */;
			proxyType = 1;
			remoteGlobalIDString = 054FF99C26F39EF50007FF69;
			remoteInfo = LootLogger;
		};
		054FF9BF26F39EFA0007FF69 /* PBXContainerItemProxy */ = {
			isa = PBXContainerItemProxy;
			containerPortal = 054FF99526F39EF50007FF69 /* Project object */;
			proxyType = 1;
			remoteGlobalIDString = 054FF99C26F39EF50007FF69;
			remoteInfo = LootLogger;
		};
/* End PBXContainerItemProxy section */

/* Begin PBXFileReference section */
		054FF99D26F39EF50007FF69 /* LootLogger.app */ = {isa = PBXFileReference; explicitFileType = wrapper.application; includeInIndex = 0; path = LootLogger.app; sourceTree = BUILT_PRODUCTS_DIR; };
		054FF9A026F39EF50007FF69 /* AppDelegate.swift */ = {isa = PBXFileReference; lastKnownFileType = sourcecode.swift; path = AppDelegate.swift; sourceTree = "<group>"; };
		054FF9A226F39EF50007FF69 /* SceneDelegate.swift */ = {isa = PBXFileReference; lastKnownFileType = sourcecode.swift; path = SceneDelegate.swift; sourceTree = "<group>"; };
		054FF9A726F39EF50007FF69 /* Base */ = {isa = PBXFileReference; lastKnownFileType = file.storyboard; name = Base; path = Base.lproj/Main.storyboard; sourceTree = "<group>"; };
		054FF9A926F39EFA0007FF69 /* Assets.xcassets */ = {isa = PBXFileReference; lastKnownFileType = folder.assetcatalog; path = Assets.xcassets; sourceTree = "<group>"; };
		054FF9AC26F39EFA0007FF69 /* Base */ = {isa = PBXFileReference; lastKnownFileType = file.storyboard; name = Base; path = Base.lproj/LaunchScreen.storyboard; sourceTree = "<group>"; };
		054FF9AE26F39EFA0007FF69 /* Info.plist */ = {isa = PBXFileReference; lastKnownFileType = text.plist.xml; path = Info.plist; sourceTree = "<group>"; };
		054FF9B326F39EFA0007FF69 /* LootLoggerTests.xctest */ = {isa = PBXFileReference; explicitFileType = wrapper.cfbundle; includeInIndex = 0; path = LootLoggerTests.xctest; sourceTree = BUILT_PRODUCTS_DIR; };
		054FF9B726F39EFA0007FF69 /* LootLoggerTests.swift */ = {isa = PBXFileReference; lastKnownFileType = sourcecode.swift; path = LootLoggerTests.swift; sourceTree = "<group>"; };
		054FF9B926F39EFA0007FF69 /* Info.plist */ = {isa = PBXFileReference; lastKnownFileType = text.plist.xml; path = Info.plist; sourceTree = "<group>"; };
		054FF9BE26F39EFA0007FF69 /* LootLoggerUITests.xctest */ = {isa = PBXFileReference; explicitFileType = wrapper.cfbundle; includeInIndex = 0; path = LootLoggerUITests.xctest; sourceTree = BUILT_PRODUCTS_DIR; };
		054FF9C226F39EFA0007FF69 /* LootLoggerUITests.swift */ = {isa = PBXFileReference; lastKnownFileType = sourcecode.swift; path = LootLoggerUITests.swift; sourceTree = "<group>"; };
		054FF9C426F39EFA0007FF69 /* Info.plist */ = {isa = PBXFileReference; lastKnownFileType = text.plist.xml; path = Info.plist; sourceTree = "<group>"; };
		054FF9D226F3A4B80007FF69 /* ItemsViewController.swift */ = {isa = PBXFileReference; lastKnownFileType = sourcecode.swift; path = ItemsViewController.swift; sourceTree = "<group>"; };
		054FF9D426F3A64D0007FF69 /* Item.swift */ = {isa = PBXFileReference; lastKnownFileType = sourcecode.swift; path = Item.swift; sourceTree = "<group>"; };
		054FF9D626F3C1BA0007FF69 /* ItemStore.swift */ = {isa = PBXFileReference; lastKnownFileType = sourcecode.swift; path = ItemStore.swift; sourceTree = "<group>"; };
/* End PBXFileReference section */

/* Begin PBXFrameworksBuildPhase section */
		054FF99A26F39EF50007FF69 /* Frameworks */ = {
			isa = PBXFrameworksBuildPhase;
			buildActionMask = 2147483647;
			files = (
			);
			runOnlyForDeploymentPostprocessing = 0;
		};
		054FF9B026F39EFA0007FF69 /* Frameworks */ = {
			isa = PBXFrameworksBuildPhase;
			buildActionMask = 2147483647;
			files = (
			);
			runOnlyForDeploymentPostprocessing = 0;
		};
		054FF9BB26F39EFA0007FF69 /* Frameworks */ = {
			isa = PBXFrameworksBuildPhase;
			buildActionMask = 2147483647;
			files = (
			);
			runOnlyForDeploymentPostprocessing = 0;
		};
/* End PBXFrameworksBuildPhase section */

/* Begin PBXGroup section */
		054FF99426F39EF50007FF69 = {
			isa = PBXGroup;
			children = (
				054FF99F26F39EF50007FF69 /* LootLogger */,
				054FF9B626F39EFA0007FF69 /* LootLoggerTests */,
				054FF9C126F39EFA0007FF69 /* LootLoggerUITests */,
				054FF99E26F39EF50007FF69 /* Products */,
			);
			sourceTree = "<group>";
		};
		054FF99E26F39EF50007FF69 /* Products */ = {
			isa = PBXGroup;
			children = (
				054FF99D26F39EF50007FF69 /* LootLogger.app */,
				054FF9B326F39EFA0007FF69 /* LootLoggerTests.xctest */,
				054FF9BE26F39EFA0007FF69 /* LootLoggerUITests.xctest */,
			);
			name = Products;
			sourceTree = "<group>";
		};
		054FF99F26F39EF50007FF69 /* LootLogger */ = {
			isa = PBXGroup;
			children = (
				054FF9A026F39EF50007FF69 /* AppDelegate.swift */,
				054FF9A226F39EF50007FF69 /* SceneDelegate.swift */,
				054FF9A626F39EF50007FF69 /* Main.storyboard */,
				054FF9A926F39EFA0007FF69 /* Assets.xcassets */,
				054FF9AB26F39EFA0007FF69 /* LaunchScreen.storyboard */,
				054FF9AE26F39EFA0007FF69 /* Info.plist */,
				054FF9D226F3A4B80007FF69 /* ItemsViewController.swift */,
				054FF9D426F3A64D0007FF69 /* Item.swift */,
				054FF9D626F3C1BA0007FF69 /* ItemStore.swift */,
			);
			path = LootLogger;
			sourceTree = "<group>";
		};
		054FF9B626F39EFA0007FF69 /* LootLoggerTests */ = {
			isa = PBXGroup;
			children = (
				054FF9B726F39EFA0007FF69 /* LootLoggerTests.swift */,
				054FF9B926F39EFA0007FF69 /* Info.plist */,
			);
			path = LootLoggerTests;
			sourceTree = "<group>";
		};
		054FF9C126F39EFA0007FF69 /* LootLoggerUITests */ = {
			isa = PBXGroup;
			children = (
				054FF9C226F39EFA0007FF69 /* LootLoggerUITests.swift */,
				054FF9C426F39EFA0007FF69 /* Info.plist */,
			);
			path = LootLoggerUITests;
			sourceTree = "<group>";
		};
/* End PBXGroup section */

/* Begin PBXNativeTarget section */
		054FF99C26F39EF50007FF69 /* LootLogger */ = {
			isa = PBXNativeTarget;
			buildConfigurationList = 054FF9C726F39EFA0007FF69 /* Build configuration list for PBXNativeTarget "LootLogger" */;
			buildPhases = (
				054FF99926F39EF50007FF69 /* Sources */,
				054FF99A26F39EF50007FF69 /* Frameworks */,
				054FF99B26F39EF50007FF69 /* Resources */,
			);
			buildRules = (
			);
			dependencies = (
			);
			name = LootLogger;
			productName = LootLogger;
			productReference = 054FF99D26F39EF50007FF69 /* LootLogger.app */;
			productType = "com.apple.product-type.application";
		};
		054FF9B226F39EFA0007FF69 /* LootLoggerTests */ = {
			isa = PBXNativeTarget;
			buildConfigurationList = 054FF9CA26F39EFA0007FF69 /* Build configuration list for PBXNativeTarget "LootLoggerTests" */;
			buildPhases = (
				054FF9AF26F39EFA0007FF69 /* Sources */,
				054FF9B026F39EFA0007FF69 /* Frameworks */,
				054FF9B126F39EFA0007FF69 /* Resources */,
			);
			buildRules = (
			);
			dependencies = (
				054FF9B526F39EFA0007FF69 /* PBXTargetDependency */,
			);
			name = LootLoggerTests;
			productName = LootLoggerTests;
			productReference = 054FF9B326F39EFA0007FF69 /* LootLoggerTests.xctest */;
			productType = "com.apple.product-type.bundle.unit-test";
		};
		054FF9BD26F39EFA0007FF69 /* LootLoggerUITests */ = {
			isa = PBXNativeTarget;
			buildConfigurationList = 054FF9CD26F39EFA0007FF69 /* Build configuration list for PBXNativeTarget "LootLoggerUITests" */;
			buildPhases = (
				054FF9BA26F39EFA0007FF69 /* Sources */,
				054FF9BB26F39EFA0007FF69 /* Frameworks */,
				054FF9BC26F39EFA0007FF69 /* Resources */,
			);
			buildRules = (
			);
			dependencies = (
				054FF9C026F39EFA0007FF69 /* PBXTargetDependency */,
			);
			name = LootLoggerUITests;
			productName = LootLoggerUITests;
			productReference = 054FF9BE26F39EFA0007FF69 /* LootLoggerUITests.xctest */;
			productType = "com.apple.product-type.bundle.ui-testing";
		};
/* End PBXNativeTarget section */

/* Begin PBXProject section */
		054FF99526F39EF50007FF69 /* Project object */ = {
			isa = PBXProject;
			attributes = {
				LastSwiftUpdateCheck = 1250;
				LastUpgradeCheck = 1250;
				TargetAttributes = {
					054FF99C26F39EF50007FF69 = {
						CreatedOnToolsVersion = 12.5.1;
					};
					054FF9B226F39EFA0007FF69 = {
						CreatedOnToolsVersion = 12.5.1;
						TestTargetID = 054FF99C26F39EF50007FF69;
					};
					054FF9BD26F39EFA0007FF69 = {
						CreatedOnToolsVersion = 12.5.1;
						TestTargetID = 054FF99C26F39EF50007FF69;
					};
				};
			};
			buildConfigurationList = 054FF99826F39EF50007FF69 /* Build configuration list for PBXProject "LootLogger" */;
			compatibilityVersion = "Xcode 9.3";
			developmentRegion = en;
			hasScannedForEncodings = 0;
			knownRegions = (
				en,
				Base,
			);
			mainGroup = 054FF99426F39EF50007FF69;
			productRefGroup = 054FF99E26F39EF50007FF69 /* Products */;
			projectDirPath = "";
			projectRoot = "";
			targets = (
				054FF99C26F39EF50007FF69 /* LootLogger */,
				054FF9B226F39EFA0007FF69 /* LootLoggerTests */,
				054FF9BD26F39EFA0007FF69 /* LootLoggerUITests */,
			);
		};
/* End PBXProject section */

/* Begin PBXResourcesBuildPhase section */
		054FF99B26F39EF50007FF69 /* Resources */ = {
			isa = PBXResourcesBuildPhase;
			buildActionMask = 2147483647;
			files = (
				054FF9AD26F39EFA0007FF69 /* LaunchScreen.storyboard in Resources */,
				054FF9AA26F39EFA0007FF69 /* Assets.xcassets in Resources */,
				054FF9A826F39EF50007FF69 /* Main.storyboard in Resources */,
			);
			runOnlyForDeploymentPostprocessing = 0;
		};
		054FF9B126F39EFA0007FF69 /* Resources */ = {
			isa = PBXResourcesBuildPhase;
			buildActionMask = 2147483647;
			files = (
			);
			runOnlyForDeploymentPostprocessing = 0;
		};
		054FF9BC26F39EFA0007FF69 /* Resources */ = {
			isa = PBXResourcesBuildPhase;
			buildActionMask = 2147483647;
			files = (
			);
			runOnlyForDeploymentPostprocessing = 0;
		};
/* End PBXResourcesBuildPhase section */

/* Begin PBXSourcesBuildPhase section */
		054FF99926F39EF50007FF69 /* Sources */ = {
			isa = PBXSourcesBuildPhase;
			buildActionMask = 2147483647;
			files = (
				054FF9D526F3A64D0007FF69 /* Item.swift in Sources */,
				054FF9D326F3A4B80007FF69 /* ItemsViewController.swift in Sources */,
				054FF9A126F39EF50007FF69 /* AppDelegate.swift in Sources */,
				054FF9D726F3C1BA0007FF69 /* ItemStore.swift in Sources */,
				054FF9A326F39EF50007FF69 /* SceneDelegate.swift in Sources */,
			);
			runOnlyForDeploymentPostprocessing = 0;
		};
		054FF9AF26F39EFA0007FF69 /* Sources */ = {
			isa = PBXSourcesBuildPhase;
			buildActionMask = 2147483647;
			files = (
				054FF9B826F39EFA0007FF69 /* LootLoggerTests.swift in Sources */,
			);
			runOnlyForDeploymentPostprocessing = 0;
		};
		054FF9BA26F39EFA0007FF69 /* Sources */ = {
			isa = PBXSourcesBuildPhase;
			buildActionMask = 2147483647;
			files = (
				054FF9C326F39EFA0007FF69 /* LootLoggerUITests.swift in Sources */,
			);
			runOnlyForDeploymentPostprocessing = 0;
		};
/* End PBXSourcesBuildPhase section */

/* Begin PBXTargetDependency section */
		054FF9B526F39EFA0007FF69 /* PBXTargetDependency */ = {
			isa = PBXTargetDependency;
			target = 054FF99C26F39EF50007FF69 /* LootLogger */;
			targetProxy = 054FF9B426F39EFA0007FF69 /* PBXContainerItemProxy */;
		};
		054FF9C026F39EFA0007FF69 /* PBXTargetDependency */ = {
			isa = PBXTargetDependency;
			target = 054FF99C26F39EF50007FF69 /* LootLogger */;
			targetProxy = 054FF9BF26F39EFA0007FF69 /* PBXContainerItemProxy */;
		};
/* End PBXTargetDependency section */

/* Begin PBXVariantGroup section */
		054FF9A626F39EF50007FF69 /* Main.storyboard */ = {
			isa = PBXVariantGroup;
			children = (
				054FF9A726F39EF50007FF69 /* Base */,
			);
			name = Main.storyboard;
			sourceTree = "<group>";
		};
		054FF9AB26F39EFA0007FF69 /* LaunchScreen.storyboard */ = {
			isa = PBXVariantGroup;
			children = (
				054FF9AC26F39EFA0007FF69 /* Base */,
			);
			name = LaunchScreen.storyboard;
			sourceTree = "<group>";
		};
/* End PBXVariantGroup section */

/* Begin XCBuildConfiguration section */
		054FF9C526F39EFA0007FF69 /* Debug */ = {
			isa = XCBuildConfiguration;
			buildSettings = {
				ALWAYS_SEARCH_USER_PATHS = NO;
				CLANG_ANALYZER_NONNULL = YES;
				CLANG_ANALYZER_NUMBER_OBJECT_CONVERSION = YES_AGGRESSIVE;
				CLANG_CXX_LANGUAGE_STANDARD = "gnu++14";
				CLANG_CXX_LIBRARY = "libc++";
				CLANG_ENABLE_MODULES = YES;
				CLANG_ENABLE_OBJC_ARC = YES;
				CLANG_ENABLE_OBJC_WEAK = YES;
				CLANG_WARN_BLOCK_CAPTURE_AUTORELEASING = YES;
				CLANG_WARN_BOOL_CONVERSION = YES;
				CLANG_WARN_COMMA = YES;
				CLANG_WARN_CONSTANT_CONVERSION = YES;
				CLANG_WARN_DEPRECATED_OBJC_IMPLEMENTATIONS = YES;
				CLANG_WARN_DIRECT_OBJC_ISA_USAGE = YES_ERROR;
				CLANG_WARN_DOCUMENTATION_COMMENTS = YES;
				CLANG_WARN_EMPTY_BODY = YES;
				CLANG_WARN_ENUM_CONVERSION = YES;
				CLANG_WARN_INFINITE_RECURSION = YES;
				CLANG_WARN_INT_CONVERSION = YES;
				CLANG_WARN_NON_LITERAL_NULL_CONVERSION = YES;
				CLANG_WARN_OBJC_IMPLICIT_RETAIN_SELF = YES;
				CLANG_WARN_OBJC_LITERAL_CONVERSION = YES;
				CLANG_WARN_OBJC_ROOT_CLASS = YES_ERROR;
				CLANG_WARN_QUOTED_INCLUDE_IN_FRAMEWORK_HEADER = YES;
				CLANG_WARN_RANGE_LOOP_ANALYSIS = YES;
				CLANG_WARN_STRICT_PROTOTYPES = YES;
				CLANG_WARN_SUSPICIOUS_MOVE = YES;
				CLANG_WARN_UNGUARDED_AVAILABILITY = YES_AGGRESSIVE;
				CLANG_WARN_UNREACHABLE_CODE = YES;
				CLANG_WARN__DUPLICATE_METHOD_MATCH = YES;
				COPY_PHASE_STRIP = NO;
				DEBUG_INFORMATION_FORMAT = dwarf;
				ENABLE_STRICT_OBJC_MSGSEND = YES;
				ENABLE_TESTABILITY = YES;
				GCC_C_LANGUAGE_STANDARD = gnu11;
				GCC_DYNAMIC_NO_PIC = NO;
				GCC_NO_COMMON_BLOCKS = YES;
				GCC_OPTIMIZATION_LEVEL = 0;
				GCC_PREPROCESSOR_DEFINITIONS = (
					"DEBUG=1",
					"$(inherited)",
				);
				GCC_WARN_64_TO_32_BIT_CONVERSION = YES;
				GCC_WARN_ABOUT_RETURN_TYPE = YES_ERROR;
				GCC_WARN_UNDECLARED_SELECTOR = YES;
				GCC_WARN_UNINITIALIZED_AUTOS = YES_AGGRESSIVE;
				GCC_WARN_UNUSED_FUNCTION = YES;
				GCC_WARN_UNUSED_VARIABLE = YES;
				IPHONEOS_DEPLOYMENT_TARGET = 14.5;
				MTL_ENABLE_DEBUG_INFO = INCLUDE_SOURCE;
				MTL_FAST_MATH = YES;
				ONLY_ACTIVE_ARCH = YES;
				SDKROOT = iphoneos;
				SWIFT_ACTIVE_COMPILATION_CONDITIONS = DEBUG;
				SWIFT_OPTIMIZATION_LEVEL = "-Onone";
			};
			name = Debug;
		};
		054FF9C626F39EFA0007FF69 /* Release */ = {
			isa = XCBuildConfiguration;
			buildSettings = {
				ALWAYS_SEARCH_USER_PATHS = NO;
				CLANG_ANALYZER_NONNULL = YES;
				CLANG_ANALYZER_NUMBER_OBJECT_CONVERSION = YES_AGGRESSIVE;
				CLANG_CXX_LANGUAGE_STANDARD = "gnu++14";
				CLANG_CXX_LIBRARY = "libc++";
				CLANG_ENABLE_MODULES = YES;
				CLANG_ENABLE_OBJC_ARC = YES;
				CLANG_ENABLE_OBJC_WEAK = YES;
				CLANG_WARN_BLOCK_CAPTURE_AUTORELEASING = YES;
				CLANG_WARN_BOOL_CONVERSION = YES;
				CLANG_WARN_COMMA = YES;
				CLANG_WARN_CONSTANT_CONVERSION = YES;
				CLANG_WARN_DEPRECATED_OBJC_IMPLEMENTATIONS = YES;
				CLANG_WARN_DIRECT_OBJC_ISA_USAGE = YES_ERROR;
				CLANG_WARN_DOCUMENTATION_COMMENTS = YES;
				CLANG_WARN_EMPTY_BODY = YES;
				CLANG_WARN_ENUM_CONVERSION = YES;
				CLANG_WARN_INFINITE_RECURSION = YES;
				CLANG_WARN_INT_CONVERSION = YES;
				CLANG_WARN_NON_LITERAL_NULL_CONVERSION = YES;
				CLANG_WARN_OBJC_IMPLICIT_RETAIN_SELF = YES;
				CLANG_WARN_OBJC_LITERAL_CONVERSION = YES;
				CLANG_WARN_OBJC_ROOT_CLASS = YES_ERROR;
				CLANG_WARN_QUOTED_INCLUDE_IN_FRAMEWORK_HEADER = YES;
				CLANG_WARN_RANGE_LOOP_ANALYSIS = YES;
				CLANG_WARN_STRICT_PROTOTYPES = YES;
				CLANG_WARN_SUSPICIOUS_MOVE = YES;
				CLANG_WARN_UNGUARDED_AVAILABILITY = YES_AGGRESSIVE;
				CLANG_WARN_UNREACHABLE_CODE = YES;
				CLANG_WARN__DUPLICATE_METHOD_MATCH = YES;
				COPY_PHASE_STRIP = NO;
				DEBUG_INFORMATION_FORMAT = "dwarf-with-dsym";
				ENABLE_NS_ASSERTIONS = NO;
				ENABLE_STRICT_OBJC_MSGSEND = YES;
				GCC_C_LANGUAGE_STANDARD = gnu11;
				GCC_NO_COMMON_BLOCKS = YES;
				GCC_WARN_64_TO_32_BIT_CONVERSION = YES;
				GCC_WARN_ABOUT_RETURN_TYPE = YES_ERROR;
				GCC_WARN_UNDECLARED_SELECTOR = YES;
				GCC_WARN_UNINITIALIZED_AUTOS = YES_AGGRESSIVE;
				GCC_WARN_UNUSED_FUNCTION = YES;
				GCC_WARN_UNUSED_VARIABLE = YES;
				IPHONEOS_DEPLOYMENT_TARGET = 14.5;
				MTL_ENABLE_DEBUG_INFO = NO;
				MTL_FAST_MATH = YES;
				SDKROOT = iphoneos;
				SWIFT_COMPILATION_MODE = wholemodule;
				SWIFT_OPTIMIZATION_LEVEL = "-O";
				VALIDATE_PRODUCT = YES;
			};
			name = Release;
		};
		054FF9C826F39EFA0007FF69 /* Debug */ = {
			isa = XCBuildConfiguration;
			buildSettings = {
				ASSETCATALOG_COMPILER_APPICON_NAME = AppIcon;
				ASSETCATALOG_COMPILER_GLOBAL_ACCENT_COLOR_NAME = AccentColor;
				CODE_SIGN_STYLE = Automatic;
				INFOPLIST_FILE = LootLogger/Info.plist;
				LD_RUNPATH_SEARCH_PATHS = (
					"$(inherited)",
					"@executable_path/Frameworks",
				);
				PRODUCT_BUNDLE_IDENTIFIER = "Big-Nerd-Ranch.LootLogger";
				PRODUCT_NAME = "$(TARGET_NAME)";
				SWIFT_VERSION = 5.0;
				TARGETED_DEVICE_FAMILY = "1,2";
			};
			name = Debug;
		};
		054FF9C926F39EFA0007FF69 /* Release */ = {
			isa = XCBuildConfiguration;
			buildSettings = {
				ASSETCATALOG_COMPILER_APPICON_NAME = AppIcon;
				ASSETCATALOG_COMPILER_GLOBAL_ACCENT_COLOR_NAME = AccentColor;
				CODE_SIGN_STYLE = Automatic;
				INFOPLIST_FILE = LootLogger/Info.plist;
				LD_RUNPATH_SEARCH_PATHS = (
					"$(inherited)",
					"@executable_path/Frameworks",
				);
				PRODUCT_BUNDLE_IDENTIFIER = "Big-Nerd-Ranch.LootLogger";
				PRODUCT_NAME = "$(TARGET_NAME)";
				SWIFT_VERSION = 5.0;
				TARGETED_DEVICE_FAMILY = "1,2";
			};
			name = Release;
		};
		054FF9CB26F39EFA0007FF69 /* Debug */ = {
			isa = XCBuildConfiguration;
			buildSettings = {
				ALWAYS_EMBED_SWIFT_STANDARD_LIBRARIES = YES;
				BUNDLE_LOADER = "$(TEST_HOST)";
				CODE_SIGN_STYLE = Automatic;
				INFOPLIST_FILE = LootLoggerTests/Info.plist;
				IPHONEOS_DEPLOYMENT_TARGET = 14.5;
				LD_RUNPATH_SEARCH_PATHS = (
					"$(inherited)",
					"@executable_path/Frameworks",
					"@loader_path/Frameworks",
				);
				PRODUCT_BUNDLE_IDENTIFIER = "Big-Nerd-Ranch.LootLoggerTests";
				PRODUCT_NAME = "$(TARGET_NAME)";
				SWIFT_VERSION = 5.0;
				TARGETED_DEVICE_FAMILY = "1,2";
				TEST_HOST = "$(BUILT_PRODUCTS_DIR)/LootLogger.app/LootLogger";
			};
			name = Debug;
		};
		054FF9CC26F39EFA0007FF69 /* Release */ = {
			isa = XCBuildConfiguration;
			buildSettings = {
				ALWAYS_EMBED_SWIFT_STANDARD_LIBRARIES = YES;
				BUNDLE_LOADER = "$(TEST_HOST)";
				CODE_SIGN_STYLE = Automatic;
				INFOPLIST_FILE = LootLoggerTests/Info.plist;
				IPHONEOS_DEPLOYMENT_TARGET = 14.5;
				LD_RUNPATH_SEARCH_PATHS = (
					"$(inherited)",
					"@executable_path/Frameworks",
					"@loader_path/Frameworks",
				);
				PRODUCT_BUNDLE_IDENTIFIER = "Big-Nerd-Ranch.LootLoggerTests";
				PRODUCT_NAME = "$(TARGET_NAME)";
				SWIFT_VERSION = 5.0;
				TARGETED_DEVICE_FAMILY = "1,2";
				TEST_HOST = "$(BUILT_PRODUCTS_DIR)/LootLogger.app/LootLogger";
			};
			name = Release;
		};
		054FF9CE26F39EFA0007FF69 /* Debug */ = {
			isa = XCBuildConfiguration;
			buildSettings = {
				ALWAYS_EMBED_SWIFT_STANDARD_LIBRARIES = YES;
				CODE_SIGN_STYLE = Automatic;
				INFOPLIST_FILE = LootLoggerUITests/Info.plist;
				LD_RUNPATH_SEARCH_PATHS = (
					"$(inherited)",
					"@executable_path/Frameworks",
					"@loader_path/Frameworks",
				);
				PRODUCT_BUNDLE_IDENTIFIER = "Big-Nerd-Ranch.LootLoggerUITests";
				PRODUCT_NAME = "$(TARGET_NAME)";
				SWIFT_VERSION = 5.0;
				TARGETED_DEVICE_FAMILY = "1,2";
				TEST_TARGET_NAME = LootLogger;
			};
			name = Debug;
		};
		054FF9CF26F39EFA0007FF69 /* Release */ = {
			isa = XCBuildConfiguration;
			buildSettings = {
				ALWAYS_EMBED_SWIFT_STANDARD_LIBRARIES = YES;
				CODE_SIGN_STYLE = Automatic;
				INFOPLIST_FILE = LootLoggerUITests/Info.plist;
				LD_RUNPATH_SEARCH_PATHS = (
					"$(inherited)",
					"@executable_path/Frameworks",
					"@loader_path/Frameworks",
				);
				PRODUCT_BUNDLE_IDENTIFIER = "Big-Nerd-Ranch.LootLoggerUITests";
				PRODUCT_NAME = "$(TARGET_NAME)";
				SWIFT_VERSION = 5.0;
				TARGETED_DEVICE_FAMILY = "1,2";
				TEST_TARGET_NAME = LootLogger;
			};
			name = Release;
		};
/* End XCBuildConfiguration section */

/* Begin XCConfigurationList section */
		054FF99826F39EF50007FF69 /* Build configuration list for PBXProject "LootLogger" */ = {
			isa = XCConfigurationList;
			buildConfigurations = (
				054FF9C526F39EFA0007FF69 /* Debug */,
				054FF9C626F39EFA0007FF69 /* Release */,
			);
			defaultConfigurationIsVisible = 0;
			defaultConfigurationName = Release;
		};
		054FF9C726F39EFA0007FF69 /* Build configuration list for PBXNativeTarget "LootLogger" */ = {
			isa = XCConfigurationList;
			buildConfigurations = (
				054FF9C826F39EFA0007FF69 /* Debug */,
				054FF9C926F39EFA0007FF69 /* Release */,
			);
			defaultConfigurationIsVisible = 0;
			defaultConfigurationName = Release;
		};
		054FF9CA26F39EFA0007FF69 /* Build configuration list for PBXNativeTarget "LootLoggerTests" */ = {
			isa = XCConfigurationList;
			buildConfigurations = (
				054FF9CB26F39EFA0007FF69 /* Debug */,
				054FF9CC26F39EFA0007FF69 /* Release */,
			);
			defaultConfigurationIsVisible = 0;
			defaultConfigurationName = Release;
		};
		054FF9CD26F39EFA0007FF69 /* Build configuration list for PBXNativeTarget "LootLoggerUITests" */ = {
			isa = XCConfigurationList;
			buildConfigurations = (
				054FF9CE26F39EFA0007FF69 /* Debug */,
				054FF9CF26F39EFA0007FF69 /* Release */,
			);
			defaultConfigurationIsVisible = 0;
			defaultConfigurationName = Release;
		};
/* End XCConfigurationList section */
	};
	rootObject = 054FF99526F39EF50007FF69 /* Project object */;
}
